
Microsoft Visual Studio Solution File, Format Version 12.00
# Visual Studio Version 17
VisualStudioVersion = 17.0.31903.59
MinimumVisualStudioVersion = 10.0.40219.1
Project("{FAE04EC0-301F-11D3-BF4B-00C04F79EFBC}") = "RIoT2.Elsa.Server", "RIoT2.Elsa.Server\RIoT2.Elsa.Server.csproj", "{ED19BAA2-4F0E-41CF-A8DB-51CFA02BCDBE}"
EndProject
Project("{FAE04EC0-301F-11D3-BF4B-00C04F79EFBC}") = "RIoT2.Elsa.Studio", "RIoT2.Elsa.Studio\RIoT2.Elsa.Studio.csproj", "{8BA9BADE-734B-4E61-9080-41133D62FD22}"
EndProject
Global
	GlobalSection(SolutionConfigurationPlatforms) = preSolution
		Debug|Any CPU = Debug|Any CPU
		Debug|x64 = Debug|x64
		Debug|x86 = Debug|x86
		Release|Any CPU = Release|Any CPU
		Release|x64 = Release|x64
		Release|x86 = Release|x86
	EndGlobalSection
	GlobalSection(ProjectConfigurationPlatforms) = postSolution
		{ED19BAA2-4F0E-41CF-A8DB-51CFA02BCDBE}.Debug|Any CPU.ActiveCfg = Debug|Any CPU
		{ED19BAA2-4F0E-41CF-A8DB-51CFA02BCDBE}.Debug|Any CPU.Build.0 = Debug|Any CPU
		{ED19BAA2-4F0E-41CF-A8DB-51CFA02BCDBE}.Debug|x64.ActiveCfg = Debug|Any CPU
		{ED19BAA2-4F0E-41CF-A8DB-51CFA02BCDBE}.Debug|x64.Build.0 = Debug|Any CPU
		{ED19BAA2-4F0E-41CF-A8DB-51CFA02BCDBE}.Debug|x86.ActiveCfg = Debug|Any CPU
		{ED19BAA2-4F0E-41CF-A8DB-51CFA02BCDBE}.Debug|x86.Build.0 = Debug|Any CPU
		{ED19BAA2-4F0E-41CF-A8DB-51CFA02BCDBE}.Release|Any CPU.ActiveCfg = Release|Any CPU
		{ED19BAA2-4F0E-41CF-A8DB-51CFA02BCDBE}.Release|Any CPU.Build.0 = Release|Any CPU
		{ED19BAA2-4F0E-41CF-A8DB-51CFA02BCDBE}.Release|x64.ActiveCfg = Release|Any CPU
		{ED19BAA2-4F0E-41CF-A8DB-51CFA02BCDBE}.Release|x64.Build.0 = Release|Any CPU
		{ED19BAA2-4F0E-41CF-A8DB-51CFA02BCDBE}.Release|x86.ActiveCfg = Release|Any CPU
		{ED19BAA2-4F0E-41CF-A8DB-51CFA02BCDBE}.Release|x86.Build.0 = Release|Any CPU
		{8BA9BADE-734B-4E61-9080-41133D62FD22}.Debug|Any CPU.ActiveCfg = Debug|Any CPU
		{8BA9BADE-734B-4E61-9080-41133D62FD22}.Debug|Any CPU.Build.0 = Debug|Any CPU
		{8BA9BADE-734B-4E61-9080-41133D62FD22}.Debug|x64.ActiveCfg = Debug|Any CPU
		{8BA9BADE-734B-4E61-9080-41133D62FD22}.Debug|x64.Build.0 = Debug|Any CPU
		{8BA9BADE-734B-4E61-9080-41133D62FD22}.Debug|x86.ActiveCfg = Debug|Any CPU
		{8BA9BADE-734B-4E61-9080-41133D62FD22}.Debug|x86.Build.0 = Debug|Any CPU
		{8BA9BADE-734B-4E61-9080-41133D62FD22}.Release|Any CPU.ActiveCfg = Release|Any CPU
		{8BA9BADE-734B-4E61-9080-41133D62FD22}.Release|Any CPU.Build.0 = Release|Any CPU
		{8BA9BADE-734B-4E61-9080-41133D62FD22}.Release|x64.ActiveCfg = Release|Any CPU
		{8BA9BADE-734B-4E61-9080-41133D62FD22}.Release|x64.Build.0 = Release|Any CPU
		{8BA9BADE-734B-4E61-9080-41133D62FD22}.Release|x86.ActiveCfg = Release|Any CPU
		{8BA9BADE-734B-4E61-9080-41133D62FD22}.Release|x86.Build.0 = Release|Any CPU
	EndGlobalSection
	GlobalSection(SolutionProperties) = preSolution
		HideSolutionNode = FALSE
	EndGlobalSection
EndGlobal
